// !$*UTF8*$!
{
	archiveVersion = 1;
	classes = {
	};
	objectVersion = 48;
	objects = {

/* Begin PBXBuildFile section */
		05682BCC1F684B76005E6796 /* TDTabBarViewController.swift in Sources */ = {isa = PBXBuildFile; fileRef = 05682BCB1F684B76005E6796 /* TDTabBarViewController.swift */; };
		05682BD11F684C69005E6796 /* ToDoViewController.swift in Sources */ = {isa = PBXBuildFile; fileRef = 05682BCF1F684C69005E6796 /* ToDoViewController.swift */; };
		05682BD21F684C69005E6796 /* ToDoViewController.xib in Resources */ = {isa = PBXBuildFile; fileRef = 05682BD01F684C69005E6796 /* ToDoViewController.xib */; };
		05682BD61F684D0E005E6796 /* ToDoTableViewCell.swift in Sources */ = {isa = PBXBuildFile; fileRef = 05682BD41F684D0E005E6796 /* ToDoTableViewCell.swift */; };
		05682BD71F684D0E005E6796 /* ToDoTableViewCell.xib in Resources */ = {isa = PBXBuildFile; fileRef = 05682BD51F684D0E005E6796 /* ToDoTableViewCell.xib */; };
		05682BDB1F684EE8005E6796 /* DoneViewController.swift in Sources */ = {isa = PBXBuildFile; fileRef = 05682BD91F684EE8005E6796 /* DoneViewController.swift */; };
		05682BDC1F684EE8005E6796 /* DoneViewController.xib in Resources */ = {isa = PBXBuildFile; fileRef = 05682BDA1F684EE8005E6796 /* DoneViewController.xib */; };
		05682BDF1F687484005E6796 /* Task.swift in Sources */ = {isa = PBXBuildFile; fileRef = 05682BDE1F687484005E6796 /* Task.swift */; };
		05682BE11F6879EA005E6796 /* BaseModel.swift in Sources */ = {isa = PBXBuildFile; fileRef = 05682BE01F6879EA005E6796 /* BaseModel.swift */; };
		05682BE71F687B37005E6796 /* Realm.swift in Sources */ = {isa = PBXBuildFile; fileRef = 05682BE61F687B37005E6796 /* Realm.swift */; };
		05ADEE9D1F66F6B00083EFC5 /* AppDelegate.swift in Sources */ = {isa = PBXBuildFile; fileRef = 05ADEE9C1F66F6B00083EFC5 /* AppDelegate.swift */; };
		05ADEEA61F66F6B00083EFC5 /* Assets.xcassets in Resources */ = {isa = PBXBuildFile; fileRef = 05ADEEA51F66F6B00083EFC5 /* Assets.xcassets */; };
		05ADEEA91F66F6B00083EFC5 /* LaunchScreen.storyboard in Resources */ = {isa = PBXBuildFile; fileRef = 05ADEEA71F66F6B00083EFC5 /* LaunchScreen.storyboard */; };
		176722A22E7CC37FA1F03E20 /* Pods_ToDo.framework in Frameworks */ = {isa = PBXBuildFile; fileRef = 3DFC6E5287F27B946702FAD7 /* Pods_ToDo.framework */; };
/* End PBXBuildFile section */

/* Begin PBXFileReference section */
		05682BCB1F684B76005E6796 /* TDTabBarViewController.swift */ = {isa = PBXFileReference; lastKnownFileType = sourcecode.swift; path = TDTabBarViewController.swift; sourceTree = "<group>"; };
		05682BCF1F684C69005E6796 /* ToDoViewController.swift */ = {isa = PBXFileReference; lastKnownFileType = sourcecode.swift; path = ToDoViewController.swift; sourceTree = "<group>"; };
		05682BD01F684C69005E6796 /* ToDoViewController.xib */ = {isa = PBXFileReference; lastKnownFileType = file.xib; path = ToDoViewController.xib; sourceTree = "<group>"; };
		05682BD41F684D0E005E6796 /* ToDoTableViewCell.swift */ = {isa = PBXFileReference; lastKnownFileType = sourcecode.swift; path = ToDoTableViewCell.swift; sourceTree = "<group>"; };
		05682BD51F684D0E005E6796 /* ToDoTableViewCell.xib */ = {isa = PBXFileReference; lastKnownFileType = file.xib; path = ToDoTableViewCell.xib; sourceTree = "<group>"; };
		05682BD91F684EE8005E6796 /* DoneViewController.swift */ = {isa = PBXFileReference; lastKnownFileType = sourcecode.swift; path = DoneViewController.swift; sourceTree = "<group>"; };
		05682BDA1F684EE8005E6796 /* DoneViewController.xib */ = {isa = PBXFileReference; lastKnownFileType = file.xib; path = DoneViewController.xib; sourceTree = "<group>"; };
		05682BDE1F687484005E6796 /* Task.swift */ = {isa = PBXFileReference; lastKnownFileType = sourcecode.swift; path = Task.swift; sourceTree = "<group>"; };
		05682BE01F6879EA005E6796 /* BaseModel.swift */ = {isa = PBXFileReference; lastKnownFileType = sourcecode.swift; path = BaseModel.swift; sourceTree = "<group>"; };
		05682BE61F687B37005E6796 /* Realm.swift */ = {isa = PBXFileReference; lastKnownFileType = sourcecode.swift; path = Realm.swift; sourceTree = "<group>"; };
		05ADEE991F66F6B00083EFC5 /* ToDo.app */ = {isa = PBXFileReference; explicitFileType = wrapper.application; includeInIndex = 0; path = ToDo.app; sourceTree = BUILT_PRODUCTS_DIR; };
		05ADEE9C1F66F6B00083EFC5 /* AppDelegate.swift */ = {isa = PBXFileReference; lastKnownFileType = sourcecode.swift; path = AppDelegate.swift; sourceTree = "<group>"; };
		05ADEEA51F66F6B00083EFC5 /* Assets.xcassets */ = {isa = PBXFileReference; lastKnownFileType = folder.assetcatalog; path = Assets.xcassets; sourceTree = "<group>"; };
		05ADEEA81F66F6B00083EFC5 /* Base */ = {isa = PBXFileReference; lastKnownFileType = file.storyboard; name = Base; path = Base.lproj/LaunchScreen.storyboard; sourceTree = "<group>"; };
		05ADEEAA1F66F6B00083EFC5 /* Info.plist */ = {isa = PBXFileReference; lastKnownFileType = text.plist.xml; path = Info.plist; sourceTree = "<group>"; };
		3D882E76F7C4A7E1E4D34B68 /* Pods-ToDo.debug.xcconfig */ = {isa = PBXFileReference; includeInIndex = 1; lastKnownFileType = text.xcconfig; name = "Pods-ToDo.debug.xcconfig"; path = "Pods/Target Support Files/Pods-ToDo/Pods-ToDo.debug.xcconfig"; sourceTree = "<group>"; };
		3DFC6E5287F27B946702FAD7 /* Pods_ToDo.framework */ = {isa = PBXFileReference; explicitFileType = wrapper.framework; includeInIndex = 0; path = Pods_ToDo.framework; sourceTree = BUILT_PRODUCTS_DIR; };
		D8BA87B991DDE6751D870756 /* Pods-ToDo.release.xcconfig */ = {isa = PBXFileReference; includeInIndex = 1; lastKnownFileType = text.xcconfig; name = "Pods-ToDo.release.xcconfig"; path = "Pods/Target Support Files/Pods-ToDo/Pods-ToDo.release.xcconfig"; sourceTree = "<group>"; };
/* End PBXFileReference section */

/* Begin PBXFrameworksBuildPhase section */
		05ADEE961F66F6B00083EFC5 /* Frameworks */ = {
			isa = PBXFrameworksBuildPhase;
			buildActionMask = 2147483647;
			files = (
				176722A22E7CC37FA1F03E20 /* Pods_ToDo.framework in Frameworks */,
			);
			runOnlyForDeploymentPostprocessing = 0;
		};
/* End PBXFrameworksBuildPhase section */

/* Begin PBXGroup section */
		001797C86A2DC8FF9AEB803D /* Frameworks */ = {
			isa = PBXGroup;
			children = (
				3DFC6E5287F27B946702FAD7 /* Pods_ToDo.framework */,
			);
			name = Frameworks;
			sourceTree = "<group>";
		};
		05682BD31F684CD3005E6796 /* Cells */ = {
			isa = PBXGroup;
			children = (
				05682BD41F684D0E005E6796 /* ToDoTableViewCell.swift */,
				05682BD51F684D0E005E6796 /* ToDoTableViewCell.xib */,
			);
			path = Cells;
			sourceTree = "<group>";
		};
		05682BD81F684ED1005E6796 /* Done */ = {
			isa = PBXGroup;
			children = (
				05682BD91F684EE8005E6796 /* DoneViewController.swift */,
				05682BDA1F684EE8005E6796 /* DoneViewController.xib */,
			);
			path = Done;
			sourceTree = "<group>";
		};
		05682BDD1F68746C005E6796 /* Models */ = {
			isa = PBXGroup;
			children = (
				05682BDE1F687484005E6796 /* Task.swift */,
				05682BE01F6879EA005E6796 /* BaseModel.swift */,
			);
			path = Models;
			sourceTree = "<group>";
		};
		05682BE21F687AC6005E6796 /* Interactors */ = {
			isa = PBXGroup;
			children = (
			);
			path = Interactors;
			sourceTree = "<group>";
		};
		05682BE51F687B2C005E6796 /* Extensions */ = {
			isa = PBXGroup;
			children = (
				05682BE61F687B37005E6796 /* Realm.swift */,
			);
			path = Extensions;
			sourceTree = "<group>";
		};
		05723B4A1F684A2D00A49663 /* ToDo */ = {
			isa = PBXGroup;
			children = (
				05682BD31F684CD3005E6796 /* Cells */,
				05682BCF1F684C69005E6796 /* ToDoViewController.swift */,
				05682BD01F684C69005E6796 /* ToDoViewController.xib */,
			);
			path = ToDo;
			sourceTree = "<group>";
		};
		05ADEE901F66F6B00083EFC5 = {
			isa = PBXGroup;
			children = (
				05ADEE9B1F66F6B00083EFC5 /* ToDo */,
				05ADEE9A1F66F6B00083EFC5 /* Products */,
				206D9933235DDB9DCDEC7116 /* Pods */,
				001797C86A2DC8FF9AEB803D /* Frameworks */,
			);
			sourceTree = "<group>";
		};
		05ADEE9A1F66F6B00083EFC5 /* Products */ = {
			isa = PBXGroup;
			children = (
				05ADEE991F66F6B00083EFC5 /* ToDo.app */,
			);
			name = Products;
			sourceTree = "<group>";
		};
		05ADEE9B1F66F6B00083EFC5 /* ToDo */ = {
			isa = PBXGroup;
			children = (
				05682BE51F687B2C005E6796 /* Extensions */,
				05682BE21F687AC6005E6796 /* Interactors */,
				05682BDD1F68746C005E6796 /* Models */,
				05ADEEB01F66F7040083EFC5 /* Controllers */,
				05ADEE9C1F66F6B00083EFC5 /* AppDelegate.swift */,
				05ADEEA51F66F6B00083EFC5 /* Assets.xcassets */,
				05ADEEA71F66F6B00083EFC5 /* LaunchScreen.storyboard */,
				05ADEEAA1F66F6B00083EFC5 /* Info.plist */,
			);
			path = ToDo;
			sourceTree = "<group>";
		};
		05ADEEB01F66F7040083EFC5 /* Controllers */ = {
			isa = PBXGroup;
			children = (
				05682BD81F684ED1005E6796 /* Done */,
				05723B4A1F684A2D00A49663 /* ToDo */,
				05682BCB1F684B76005E6796 /* TDTabBarViewController.swift */,
			);
			name = Controllers;
			path = Controllers/Controllers;
			sourceTree = "<group>";
		};
		206D9933235DDB9DCDEC7116 /* Pods */ = {
			isa = PBXGroup;
			children = (
				3D882E76F7C4A7E1E4D34B68 /* Pods-ToDo.debug.xcconfig */,
				D8BA87B991DDE6751D870756 /* Pods-ToDo.release.xcconfig */,
			);
			name = Pods;
			sourceTree = "<group>";
		};
/* End PBXGroup section */

/* Begin PBXNativeTarget section */
		05ADEE981F66F6B00083EFC5 /* ToDo */ = {
			isa = PBXNativeTarget;
			buildConfigurationList = 05ADEEAD1F66F6B00083EFC5 /* Build configuration list for PBXNativeTarget "ToDo" */;
			buildPhases = (
				4BB8155207280046901D8E18 /* [CP] Check Pods Manifest.lock */,
				05ADEE951F66F6B00083EFC5 /* Sources */,
				05ADEE961F66F6B00083EFC5 /* Frameworks */,
				05ADEE971F66F6B00083EFC5 /* Resources */,
				4E564AB3C570AED99424EB90 /* [CP] Embed Pods Frameworks */,
				3A0D0FBEC8CE77AC4235B4E9 /* [CP] Copy Pods Resources */,
			);
			buildRules = (
			);
			dependencies = (
			);
			name = ToDo;
			productName = ToDo;
			productReference = 05ADEE991F66F6B00083EFC5 /* ToDo.app */;
			productType = "com.apple.product-type.application";
		};
/* End PBXNativeTarget section */

/* Begin PBXProject section */
		05ADEE911F66F6B00083EFC5 /* Project object */ = {
			isa = PBXProject;
			attributes = {
				LastSwiftUpdateCheck = 0900;
				LastUpgradeCheck = 0900;
				ORGANIZATIONNAME = "Mohamed Hamed";
				TargetAttributes = {
					05ADEE981F66F6B00083EFC5 = {
						CreatedOnToolsVersion = 9.0;
					};
				};
			};
			buildConfigurationList = 05ADEE941F66F6B00083EFC5 /* Build configuration list for PBXProject "ToDo" */;
			compatibilityVersion = "Xcode 8.0";
			developmentRegion = en;
			hasScannedForEncodings = 0;
			knownRegions = (
				en,
				Base,
			);
			mainGroup = 05ADEE901F66F6B00083EFC5;
			productRefGroup = 05ADEE9A1F66F6B00083EFC5 /* Products */;
			projectDirPath = "";
			projectRoot = "";
			targets = (
				05ADEE981F66F6B00083EFC5 /* ToDo */,
			);
		};
/* End PBXProject section */

/* Begin PBXResourcesBuildPhase section */
		05ADEE971F66F6B00083EFC5 /* Resources */ = {
			isa = PBXResourcesBuildPhase;
			buildActionMask = 2147483647;
			files = (
				05682BD21F684C69005E6796 /* ToDoViewController.xib in Resources */,
				05ADEEA91F66F6B00083EFC5 /* LaunchScreen.storyboard in Resources */,
				05ADEEA61F66F6B00083EFC5 /* Assets.xcassets in Resources */,
				05682BDC1F684EE8005E6796 /* DoneViewController.xib in Resources */,
				05682BD71F684D0E005E6796 /* ToDoTableViewCell.xib in Resources */,
			);
			runOnlyForDeploymentPostprocessing = 0;
		};
/* End PBXResourcesBuildPhase section */

/* Begin PBXShellScriptBuildPhase section */
		3A0D0FBEC8CE77AC4235B4E9 /* [CP] Copy Pods Resources */ = {
			isa = PBXShellScriptBuildPhase;
			buildActionMask = 2147483647;
			files = (
			);
			inputPaths = (
			);
			name = "[CP] Copy Pods Resources";
			outputPaths = (
			);
			runOnlyForDeploymentPostprocessing = 0;
			shellPath = /bin/sh;
			shellScript = "\"${SRCROOT}/Pods/Target Support Files/Pods-ToDo/Pods-ToDo-resources.sh\"\n";
			showEnvVarsInLog = 0;
		};
		4BB8155207280046901D8E18 /* [CP] Check Pods Manifest.lock */ = {
			isa = PBXShellScriptBuildPhase;
			buildActionMask = 2147483647;
			files = (
			);
			inputPaths = (
			);
			name = "[CP] Check Pods Manifest.lock";
			outputPaths = (
			);
			runOnlyForDeploymentPostprocessing = 0;
			shellPath = /bin/sh;
			shellScript = "diff \"${PODS_PODFILE_DIR_PATH}/Podfile.lock\" \"${PODS_ROOT}/Manifest.lock\" > /dev/null\nif [ $? != 0 ] ; then\n    # print error to STDERR\n    echo \"error: The sandbox is not in sync with the Podfile.lock. Run 'pod install' or update your CocoaPods installation.\" >&2\n    exit 1\nfi\n";
			showEnvVarsInLog = 0;
		};
		4E564AB3C570AED99424EB90 /* [CP] Embed Pods Frameworks */ = {
			isa = PBXShellScriptBuildPhase;
			buildActionMask = 2147483647;
			files = (
			);
			inputPaths = (
			);
			name = "[CP] Embed Pods Frameworks";
			outputPaths = (
			);
			runOnlyForDeploymentPostprocessing = 0;
			shellPath = /bin/sh;
			shellScript = "\"${SRCROOT}/Pods/Target Support Files/Pods-ToDo/Pods-ToDo-frameworks.sh\"\n";
			showEnvVarsInLog = 0;
		};
/* End PBXShellScriptBuildPhase section */

/* Begin PBXSourcesBuildPhase section */
		05ADEE951F66F6B00083EFC5 /* Sources */ = {
			isa = PBXSourcesBuildPhase;
			buildActionMask = 2147483647;
			files = (
				05682BCC1F684B76005E6796 /* TDTabBarViewController.swift in Sources */,
				05682BDB1F684EE8005E6796 /* DoneViewController.swift in Sources */,
				05682BE11F6879EA005E6796 /* BaseModel.swift in Sources */,
				05682BD11F684C69005E6796 /* ToDoViewController.swift in Sources */,
				05ADEE9D1F66F6B00083EFC5 /* AppDelegate.swift in Sources */,
				05682BDF1F687484005E6796 /* Task.swift in Sources */,
				05682BD61F684D0E005E6796 /* ToDoTableViewCell.swift in Sources */,
				05682BE71F687B37005E6796 /* Realm.swift in Sources */,
			);
			runOnlyForDeploymentPostprocessing = 0;
		};
/* End PBXSourcesBuildPhase section */

/* Begin PBXVariantGroup section */
		05ADEEA71F66F6B00083EFC5 /* LaunchScreen.storyboard */ = {
			isa = PBXVariantGroup;
			children = (
				05ADEEA81F66F6B00083EFC5 /* Base */,
			);
			name = LaunchScreen.storyboard;
			sourceTree = "<group>";
		};
/* End PBXVariantGroup section */

/* Begin XCBuildConfiguration section */
		05ADEEAB1F66F6B00083EFC5 /* Debug */ = {
			isa = XCBuildConfiguration;
			buildSettings = {
				ALWAYS_SEARCH_USER_PATHS = NO;
				CLANG_ANALYZER_NONNULL = YES;
				CLANG_ANALYZER_NUMBER_OBJECT_CONVERSION = YES_AGGRESSIVE;
				CLANG_CXX_LANGUAGE_STANDARD = "gnu++14";
				CLANG_CXX_LIBRARY = "libc++";
				CLANG_ENABLE_MODULES = YES;
				CLANG_ENABLE_OBJC_ARC = YES;
				CLANG_WARN_BLOCK_CAPTURE_AUTORELEASING = YES;
				CLANG_WARN_BOOL_CONVERSION = YES;
				CLANG_WARN_COMMA = YES;
				CLANG_WARN_CONSTANT_CONVERSION = YES;
				CLANG_WARN_DIRECT_OBJC_ISA_USAGE = YES_ERROR;
				CLANG_WARN_DOCUMENTATION_COMMENTS = YES;
				CLANG_WARN_EMPTY_BODY = YES;
				CLANG_WARN_ENUM_CONVERSION = YES;
				CLANG_WARN_INFINITE_RECURSION = YES;
				CLANG_WARN_INT_CONVERSION = YES;
				CLANG_WARN_OBJC_ROOT_CLASS = YES_ERROR;
				CLANG_WARN_RANGE_LOOP_ANALYSIS = YES;
				CLANG_WARN_STRICT_PROTOTYPES = YES;
				CLANG_WARN_SUSPICIOUS_MOVE = YES;
				CLANG_WARN_UNGUARDED_AVAILABILITY = YES_AGGRESSIVE;
				CLANG_WARN_UNREACHABLE_CODE = YES;
				CLANG_WARN__DUPLICATE_METHOD_MATCH = YES;
				CODE_SIGN_IDENTITY = "iPhone Developer";
				COPY_PHASE_STRIP = NO;
				DEBUG_INFORMATION_FORMAT = dwarf;
				ENABLE_STRICT_OBJC_MSGSEND = YES;
				ENABLE_TESTABILITY = YES;
				GCC_C_LANGUAGE_STANDARD = gnu11;
				GCC_DYNAMIC_NO_PIC = NO;
				GCC_NO_COMMON_BLOCKS = YES;
				GCC_OPTIMIZATION_LEVEL = 0;
				GCC_PREPROCESSOR_DEFINITIONS = (
					"DEBUG=1",
					"$(inherited)",
				);
				GCC_WARN_64_TO_32_BIT_CONVERSION = YES;
				GCC_WARN_ABOUT_RETURN_TYPE = YES_ERROR;
				GCC_WARN_UNDECLARED_SELECTOR = YES;
				GCC_WARN_UNINITIALIZED_AUTOS = YES_AGGRESSIVE;
				GCC_WARN_UNUSED_FUNCTION = YES;
				GCC_WARN_UNUSED_VARIABLE = YES;
				IPHONEOS_DEPLOYMENT_TARGET = 11.0;
				MTL_ENABLE_DEBUG_INFO = YES;
				ONLY_ACTIVE_ARCH = YES;
				SDKROOT = iphoneos;
				SWIFT_ACTIVE_COMPILATION_CONDITIONS = DEBUG;
				SWIFT_OPTIMIZATION_LEVEL = "-Onone";
			};
			name = Debug;
		};
		05ADEEAC1F66F6B00083EFC5 /* Release */ = {
			isa = XCBuildConfiguration;
			buildSettings = {
				ALWAYS_SEARCH_USER_PATHS = NO;
				CLANG_ANALYZER_NONNULL = YES;
				CLANG_ANALYZER_NUMBER_OBJECT_CONVERSION = YES_AGGRESSIVE;
				CLANG_CXX_LANGUAGE_STANDARD = "gnu++14";
				CLANG_CXX_LIBRARY = "libc++";
				CLANG_ENABLE_MODULES = YES;
				CLANG_ENABLE_OBJC_ARC = YES;
				CLANG_WARN_BLOCK_CAPTURE_AUTORELEASING = YES;
				CLANG_WARN_BOOL_CONVERSION = YES;
				CLANG_WARN_COMMA = YES;
				CLANG_WARN_CONSTANT_CONVERSION = YES;
				CLANG_WARN_DIRECT_OBJC_ISA_USAGE = YES_ERROR;
				CLANG_WARN_DOCUMENTATION_COMMENTS = YES;
				CLANG_WARN_EMPTY_BODY = YES;
				CLANG_WARN_ENUM_CONVERSION = YES;
				CLANG_WARN_INFINITE_RECURSION = YES;
				CLANG_WARN_INT_CONVERSION = YES;
				CLANG_WARN_OBJC_ROOT_CLASS = YES_ERROR;
				CLANG_WARN_RANGE_LOOP_ANALYSIS = YES;
				CLANG_WARN_STRICT_PROTOTYPES = YES;
				CLANG_WARN_SUSPICIOUS_MOVE = YES;
				CLANG_WARN_UNGUARDED_AVAILABILITY = YES_AGGRESSIVE;
				CLANG_WARN_UNREACHABLE_CODE = YES;
				CLANG_WARN__DUPLICATE_METHOD_MATCH = YES;
				CODE_SIGN_IDENTITY = "iPhone Developer";
				COPY_PHASE_STRIP = NO;
				DEBUG_INFORMATION_FORMAT = "dwarf-with-dsym";
				ENABLE_NS_ASSERTIONS = NO;
				ENABLE_STRICT_OBJC_MSGSEND = YES;
				GCC_C_LANGUAGE_STANDARD = gnu11;
				GCC_NO_COMMON_BLOCKS = YES;
				GCC_WARN_64_TO_32_BIT_CONVERSION = YES;
				GCC_WARN_ABOUT_RETURN_TYPE = YES_ERROR;
				GCC_WARN_UNDECLARED_SELECTOR = YES;
				GCC_WARN_UNINITIALIZED_AUTOS = YES_AGGRESSIVE;
				GCC_WARN_UNUSED_FUNCTION = YES;
				GCC_WARN_UNUSED_VARIABLE = YES;
				IPHONEOS_DEPLOYMENT_TARGET = 11.0;
				MTL_ENABLE_DEBUG_INFO = NO;
				SDKROOT = iphoneos;
				SWIFT_OPTIMIZATION_LEVEL = "-Owholemodule";
				VALIDATE_PRODUCT = YES;
			};
			name = Release;
		};
		05ADEEAE1F66F6B00083EFC5 /* Debug */ = {
			isa = XCBuildConfiguration;
			baseConfigurationReference = 3D882E76F7C4A7E1E4D34B68 /* Pods-ToDo.debug.xcconfig */;
			buildSettings = {
				ASSETCATALOG_COMPILER_APPICON_NAME = AppIcon;
				DEVELOPMENT_TEAM = B8BKM8368H;
				INFOPLIST_FILE = ToDo/Info.plist;
				IPHONEOS_DEPLOYMENT_TARGET = 10.0;
				LD_RUNPATH_SEARCH_PATHS = "$(inherited) @executable_path/Frameworks";
				PRODUCT_BUNDLE_IDENTIFIER = com.hamed.ToDo;
				PRODUCT_NAME = "$(TARGET_NAME)";
				SWIFT_VERSION = 4.0;
				TARGETED_DEVICE_FAMILY = "1,2";
			};
			name = Debug;
		};
		05ADEEAF1F66F6B00083EFC5 /* Release */ = {
			isa = XCBuildConfiguration;
			baseConfigurationReference = D8BA87B991DDE6751D870756 /* Pods-ToDo.release.xcconfig */;
			buildSettings = {
				ASSETCATALOG_COMPILER_APPICON_NAME = AppIcon;
				DEVELOPMENT_TEAM = B8BKM8368H;
				INFOPLIST_FILE = ToDo/Info.plist;
				IPHONEOS_DEPLOYMENT_TARGET = 10.0;
				LD_RUNPATH_SEARCH_PATHS = "$(inherited) @executable_path/Frameworks";
				PRODUCT_BUNDLE_IDENTIFIER = com.hamed.ToDo;
				PRODUCT_NAME = "$(TARGET_NAME)";
				SWIFT_VERSION = 4.0;
				TARGETED_DEVICE_FAMILY = "1,2";
			};
			name = Release;
		};
/* End XCBuildConfiguration section */

/* Begin XCConfigurationList section */
		05ADEE941F66F6B00083EFC5 /* Build configuration list for PBXProject "ToDo" */ = {
			isa = XCConfigurationList;
			buildConfigurations = (
				05ADEEAB1F66F6B00083EFC5 /* Debug */,
				05ADEEAC1F66F6B00083EFC5 /* Release */,
			);
			defaultConfigurationIsVisible = 0;
			defaultConfigurationName = Release;
		};
		05ADEEAD1F66F6B00083EFC5 /* Build configuration list for PBXNativeTarget "ToDo" */ = {
			isa = XCConfigurationList;
			buildConfigurations = (
				05ADEEAE1F66F6B00083EFC5 /* Debug */,
				05ADEEAF1F66F6B00083EFC5 /* Release */,
			);
			defaultConfigurationIsVisible = 0;
			defaultConfigurationName = Release;
		};
/* End XCConfigurationList section */
	};
	rootObject = 05ADEE911F66F6B00083EFC5 /* Project object */;
}
