// !$*UTF8*$!
{
	archiveVersion = 1;
	classes = {
	};
	objectVersion = 48;
	objects = {

/* Begin PBXBuildFile section */
		05ADEE9D1F66F6B00083EFC5 /* AppDelegate.swift in Sources */ = {isa = PBXBuildFile; fileRef = 05ADEE9C1F66F6B00083EFC5 /* AppDelegate.swift */; };
		05ADEEA61F66F6B00083EFC5 /* Assets.xcassets in Resources */ = {isa = PBXBuildFile; fileRef = 05ADEEA51F66F6B00083EFC5 /* Assets.xcassets */; };
		05ADEEA91F66F6B00083EFC5 /* LaunchScreen.storyboard in Resources */ = {isa = PBXBuildFile; fileRef = 05ADEEA71F66F6B00083EFC5 /* LaunchScreen.storyboard */; };
		05B15A681F67031100B891B6 /* TDTabBarController.swift in Sources */ = {isa = PBXBuildFile; fileRef = 05B15A671F67031100B891B6 /* TDTabBarController.swift */; };
		05B15A6B1F67063000B891B6 /* ToDoViewController.swift in Sources */ = {isa = PBXBuildFile; fileRef = 05B15A691F67063000B891B6 /* ToDoViewController.swift */; };
		05B15A6C1F67063000B891B6 /* ToDoViewController.xib in Resources */ = {isa = PBXBuildFile; fileRef = 05B15A6A1F67063000B891B6 /* ToDoViewController.xib */; };
/* End PBXBuildFile section */

/* Begin PBXFileReference section */
		05ADEE991F66F6B00083EFC5 /* ToDo.app */ = {isa = PBXFileReference; explicitFileType = wrapper.application; includeInIndex = 0; path = ToDo.app; sourceTree = BUILT_PRODUCTS_DIR; };
		05ADEE9C1F66F6B00083EFC5 /* AppDelegate.swift */ = {isa = PBXFileReference; lastKnownFileType = sourcecode.swift; path = AppDelegate.swift; sourceTree = "<group>"; };
		05ADEEA51F66F6B00083EFC5 /* Assets.xcassets */ = {isa = PBXFileReference; lastKnownFileType = folder.assetcatalog; path = Assets.xcassets; sourceTree = "<group>"; };
		05ADEEA81F66F6B00083EFC5 /* Base */ = {isa = PBXFileReference; lastKnownFileType = file.storyboard; name = Base; path = Base.lproj/LaunchScreen.storyboard; sourceTree = "<group>"; };
		05ADEEAA1F66F6B00083EFC5 /* Info.plist */ = {isa = PBXFileReference; lastKnownFileType = text.plist.xml; path = Info.plist; sourceTree = "<group>"; };
		05B15A671F67031100B891B6 /* TDTabBarController.swift */ = {isa = PBXFileReference; lastKnownFileType = sourcecode.swift; path = TDTabBarController.swift; sourceTree = "<group>"; };
		05B15A691F67063000B891B6 /* ToDoViewController.swift */ = {isa = PBXFileReference; lastKnownFileType = sourcecode.swift; path = ToDoViewController.swift; sourceTree = "<group>"; };
		05B15A6A1F67063000B891B6 /* ToDoViewController.xib */ = {isa = PBXFileReference; lastKnownFileType = file.xib; path = ToDoViewController.xib; sourceTree = "<group>"; };
/* End PBXFileReference section */

/* Begin PBXFrameworksBuildPhase section */
		05ADEE961F66F6B00083EFC5 /* Frameworks */ = {
			isa = PBXFrameworksBuildPhase;
			buildActionMask = 2147483647;
			files = (
			);
			runOnlyForDeploymentPostprocessing = 0;
		};
/* End PBXFrameworksBuildPhase section */

/* Begin PBXGroup section */
		05ADEE901F66F6B00083EFC5 = {
			isa = PBXGroup;
			children = (
				05ADEE9B1F66F6B00083EFC5 /* ToDo */,
				05ADEE9A1F66F6B00083EFC5 /* Products */,
			);
			sourceTree = "<group>";
		};
		05ADEE9A1F66F6B00083EFC5 /* Products */ = {
			isa = PBXGroup;
			children = (
				05ADEE991F66F6B00083EFC5 /* ToDo.app */,
			);
			name = Products;
			sourceTree = "<group>";
		};
		05ADEE9B1F66F6B00083EFC5 /* ToDo */ = {
			isa = PBXGroup;
			children = (
				05ADEEB01F66F7040083EFC5 /* Controllers */,
				05ADEE9C1F66F6B00083EFC5 /* AppDelegate.swift */,
				05ADEEA51F66F6B00083EFC5 /* Assets.xcassets */,
				05ADEEA71F66F6B00083EFC5 /* LaunchScreen.storyboard */,
				05ADEEAA1F66F6B00083EFC5 /* Info.plist */,
			);
			path = ToDo;
			sourceTree = "<group>";
		};
		05ADEEB01F66F7040083EFC5 /* Controllers */ = {
			isa = PBXGroup;
			children = (
				05B15A661F6702E700B891B6 /* Base */,
				05B15A691F67063000B891B6 /* ToDoViewController.swift */,
				05B15A6A1F67063000B891B6 /* ToDoViewController.xib */,
			);
			name = Controllers;
			path = Controllers/Controllers;
			sourceTree = "<group>";
		};
		05B15A661F6702E700B891B6 /* Base */ = {
			isa = PBXGroup;
			children = (
				05B15A671F67031100B891B6 /* TDTabBarController.swift */,
			);
			name = Base;
			path = Base/Base;
			sourceTree = "<group>";
		};
/* End PBXGroup section */

/* Begin PBXNativeTarget section */
		05ADEE981F66F6B00083EFC5 /* ToDo */ = {
			isa = PBXNativeTarget;
			buildConfigurationList = 05ADEEAD1F66F6B00083EFC5 /* Build configuration list for PBXNativeTarget "ToDo" */;
			buildPhases = (
				05ADEE951F66F6B00083EFC5 /* Sources */,
				05ADEE961F66F6B00083EFC5 /* Frameworks */,
				05ADEE971F66F6B00083EFC5 /* Resources */,
			);
			buildRules = (
			);
			dependencies = (
			);
			name = ToDo;
			productName = ToDo;
			productReference = 05ADEE991F66F6B00083EFC5 /* ToDo.app */;
			productType = "com.apple.product-type.application";
		};
/* End PBXNativeTarget section */

/* Begin PBXProject section */
		05ADEE911F66F6B00083EFC5 /* Project object */ = {
			isa = PBXProject;
			attributes = {
				LastSwiftUpdateCheck = 0900;
				LastUpgradeCheck = 0900;
				ORGANIZATIONNAME = "Mohamed Hamed";
				TargetAttributes = {
					05ADEE981F66F6B00083EFC5 = {
						CreatedOnToolsVersion = 9.0;
					};
				};
			};
			buildConfigurationList = 05ADEE941F66F6B00083EFC5 /* Build configuration list for PBXProject "ToDo" */;
			compatibilityVersion = "Xcode 8.0";
			developmentRegion = en;
			hasScannedForEncodings = 0;
			knownRegions = (
				en,
				Base,
			);
			mainGroup = 05ADEE901F66F6B00083EFC5;
			productRefGroup = 05ADEE9A1F66F6B00083EFC5 /* Products */;
			projectDirPath = "";
			projectRoot = "";
			targets = (
				05ADEE981F66F6B00083EFC5 /* ToDo */,
			);
		};
/* End PBXProject section */

/* Begin PBXResourcesBuildPhase section */
		05ADEE971F66F6B00083EFC5 /* Resources */ = {
			isa = PBXResourcesBuildPhase;
			buildActionMask = 2147483647;
			files = (
				05B15A6C1F67063000B891B6 /* ToDoViewController.xib in Resources */,
				05ADEEA91F66F6B00083EFC5 /* LaunchScreen.storyboard in Resources */,
				05ADEEA61F66F6B00083EFC5 /* Assets.xcassets in Resources */,
			);
			runOnlyForDeploymentPostprocessing = 0;
		};
/* End PBXResourcesBuildPhase section */

/* Begin PBXSourcesBuildPhase section */
		05ADEE951F66F6B00083EFC5 /* Sources */ = {
			isa = PBXSourcesBuildPhase;
			buildActionMask = 2147483647;
			files = (
				05B15A681F67031100B891B6 /* TDTabBarController.swift in Sources */,
				05B15A6B1F67063000B891B6 /* ToDoViewController.swift in Sources */,
				05ADEE9D1F66F6B00083EFC5 /* AppDelegate.swift in Sources */,
			);
			runOnlyForDeploymentPostprocessing = 0;
		};
/* End PBXSourcesBuildPhase section */

/* Begin PBXVariantGroup section */
		05ADEEA71F66F6B00083EFC5 /* LaunchScreen.storyboard */ = {
			isa = PBXVariantGroup;
			children = (
				05ADEEA81F66F6B00083EFC5 /* Base */,
			);
			name = LaunchScreen.storyboard;
			sourceTree = "<group>";
		};
/* End PBXVariantGroup section */

/* Begin XCBuildConfiguration section */
		05ADEEAB1F66F6B00083EFC5 /* Debug */ = {
			isa = XCBuildConfiguration;
			buildSettings = {
				ALWAYS_SEARCH_USER_PATHS = NO;
				CLANG_ANALYZER_NONNULL = YES;
				CLANG_ANALYZER_NUMBER_OBJECT_CONVERSION = YES_AGGRESSIVE;
				CLANG_CXX_LANGUAGE_STANDARD = "gnu++14";
				CLANG_CXX_LIBRARY = "libc++";
				CLANG_ENABLE_MODULES = YES;
				CLANG_ENABLE_OBJC_ARC = YES;
				CLANG_WARN_BLOCK_CAPTURE_AUTORELEASING = YES;
				CLANG_WARN_BOOL_CONVERSION = YES;
				CLANG_WARN_COMMA = YES;
				CLANG_WARN_CONSTANT_CONVERSION = YES;
				CLANG_WARN_DIRECT_OBJC_ISA_USAGE = YES_ERROR;
				CLANG_WARN_DOCUMENTATION_COMMENTS = YES;
				CLANG_WARN_EMPTY_BODY = YES;
				CLANG_WARN_ENUM_CONVERSION = YES;
				CLANG_WARN_INFINITE_RECURSION = YES;
				CLANG_WARN_INT_CONVERSION = YES;
				CLANG_WARN_OBJC_ROOT_CLASS = YES_ERROR;
				CLANG_WARN_RANGE_LOOP_ANALYSIS = YES;
				CLANG_WARN_STRICT_PROTOTYPES = YES;
				CLANG_WARN_SUSPICIOUS_MOVE = YES;
				CLANG_WARN_UNGUARDED_AVAILABILITY = YES_AGGRESSIVE;
				CLANG_WARN_UNREACHABLE_CODE = YES;
				CLANG_WARN__DUPLICATE_METHOD_MATCH = YES;
				CODE_SIGN_IDENTITY = "iPhone Developer";
				COPY_PHASE_STRIP = NO;
				DEBUG_INFORMATION_FORMAT = dwarf;
				ENABLE_STRICT_OBJC_MSGSEND = YES;
				ENABLE_TESTABILITY = YES;
				GCC_C_LANGUAGE_STANDARD = gnu11;
				GCC_DYNAMIC_NO_PIC = NO;
				GCC_NO_COMMON_BLOCKS = YES;
				GCC_OPTIMIZATION_LEVEL = 0;
				GCC_PREPROCESSOR_DEFINITIONS = (
					"DEBUG=1",
					"$(inherited)",
				);
				GCC_WARN_64_TO_32_BIT_CONVERSION = YES;
				GCC_WARN_ABOUT_RETURN_TYPE = YES_ERROR;
				GCC_WARN_UNDECLARED_SELECTOR = YES;
				GCC_WARN_UNINITIALIZED_AUTOS = YES_AGGRESSIVE;
				GCC_WARN_UNUSED_FUNCTION = YES;
				GCC_WARN_UNUSED_VARIABLE = YES;
				IPHONEOS_DEPLOYMENT_TARGET = 11.0;
				MTL_ENABLE_DEBUG_INFO = YES;
				ONLY_ACTIVE_ARCH = YES;
				SDKROOT = iphoneos;
				SWIFT_ACTIVE_COMPILATION_CONDITIONS = DEBUG;
				SWIFT_OPTIMIZATION_LEVEL = "-Onone";
			};
			name = Debug;
		};
		05ADEEAC1F66F6B00083EFC5 /* Release */ = {
			isa = XCBuildConfiguration;
			buildSettings = {
				ALWAYS_SEARCH_USER_PATHS = NO;
				CLANG_ANALYZER_NONNULL = YES;
				CLANG_ANALYZER_NUMBER_OBJECT_CONVERSION = YES_AGGRESSIVE;
				CLANG_CXX_LANGUAGE_STANDARD = "gnu++14";
				CLANG_CXX_LIBRARY = "libc++";
				CLANG_ENABLE_MODULES = YES;
				CLANG_ENABLE_OBJC_ARC = YES;
				CLANG_WARN_BLOCK_CAPTURE_AUTORELEASING = YES;
				CLANG_WARN_BOOL_CONVERSION = YES;
				CLANG_WARN_COMMA = YES;
				CLANG_WARN_CONSTANT_CONVERSION = YES;
				CLANG_WARN_DIRECT_OBJC_ISA_USAGE = YES_ERROR;
				CLANG_WARN_DOCUMENTATION_COMMENTS = YES;
				CLANG_WARN_EMPTY_BODY = YES;
				CLANG_WARN_ENUM_CONVERSION = YES;
				CLANG_WARN_INFINITE_RECURSION = YES;
				CLANG_WARN_INT_CONVERSION = YES;
				CLANG_WARN_OBJC_ROOT_CLASS = YES_ERROR;
				CLANG_WARN_RANGE_LOOP_ANALYSIS = YES;
				CLANG_WARN_STRICT_PROTOTYPES = YES;
				CLANG_WARN_SUSPICIOUS_MOVE = YES;
				CLANG_WARN_UNGUARDED_AVAILABILITY = YES_AGGRESSIVE;
				CLANG_WARN_UNREACHABLE_CODE = YES;
				CLANG_WARN__DUPLICATE_METHOD_MATCH = YES;
				CODE_SIGN_IDENTITY = "iPhone Developer";
				COPY_PHASE_STRIP = NO;
				DEBUG_INFORMATION_FORMAT = "dwarf-with-dsym";
				ENABLE_NS_ASSERTIONS = NO;
				ENABLE_STRICT_OBJC_MSGSEND = YES;
				GCC_C_LANGUAGE_STANDARD = gnu11;
				GCC_NO_COMMON_BLOCKS = YES;
				GCC_WARN_64_TO_32_BIT_CONVERSION = YES;
				GCC_WARN_ABOUT_RETURN_TYPE = YES_ERROR;
				GCC_WARN_UNDECLARED_SELECTOR = YES;
				GCC_WARN_UNINITIALIZED_AUTOS = YES_AGGRESSIVE;
				GCC_WARN_UNUSED_FUNCTION = YES;
				GCC_WARN_UNUSED_VARIABLE = YES;
				IPHONEOS_DEPLOYMENT_TARGET = 11.0;
				MTL_ENABLE_DEBUG_INFO = NO;
				SDKROOT = iphoneos;
				SWIFT_OPTIMIZATION_LEVEL = "-Owholemodule";
				VALIDATE_PRODUCT = YES;
			};
			name = Release;
		};
		05ADEEAE1F66F6B00083EFC5 /* Debug */ = {
			isa = XCBuildConfiguration;
			buildSettings = {
				ASSETCATALOG_COMPILER_APPICON_NAME = AppIcon;
				DEVELOPMENT_TEAM = B8BKM8368H;
				INFOPLIST_FILE = ToDo/Info.plist;
				IPHONEOS_DEPLOYMENT_TARGET = 10.0;
				LD_RUNPATH_SEARCH_PATHS = "$(inherited) @executable_path/Frameworks";
				PRODUCT_BUNDLE_IDENTIFIER = com.hamed.ToDo;
				PRODUCT_NAME = "$(TARGET_NAME)";
				SWIFT_VERSION = 4.0;
				TARGETED_DEVICE_FAMILY = "1,2";
			};
			name = Debug;
		};
		05ADEEAF1F66F6B00083EFC5 /* Release */ = {
			isa = XCBuildConfiguration;
			buildSettings = {
				ASSETCATALOG_COMPILER_APPICON_NAME = AppIcon;
				DEVELOPMENT_TEAM = B8BKM8368H;
				INFOPLIST_FILE = ToDo/Info.plist;
				IPHONEOS_DEPLOYMENT_TARGET = 10.0;
				LD_RUNPATH_SEARCH_PATHS = "$(inherited) @executable_path/Frameworks";
				PRODUCT_BUNDLE_IDENTIFIER = com.hamed.ToDo;
				PRODUCT_NAME = "$(TARGET_NAME)";
				SWIFT_VERSION = 4.0;
				TARGETED_DEVICE_FAMILY = "1,2";
			};
			name = Release;
		};
/* End XCBuildConfiguration section */

/* Begin XCConfigurationList section */
		05ADEE941F66F6B00083EFC5 /* Build configuration list for PBXProject "ToDo" */ = {
			isa = XCConfigurationList;
			buildConfigurations = (
				05ADEEAB1F66F6B00083EFC5 /* Debug */,
				05ADEEAC1F66F6B00083EFC5 /* Release */,
			);
			defaultConfigurationIsVisible = 0;
			defaultConfigurationName = Release;
		};
		05ADEEAD1F66F6B00083EFC5 /* Build configuration list for PBXNativeTarget "ToDo" */ = {
			isa = XCConfigurationList;
			buildConfigurations = (
				05ADEEAE1F66F6B00083EFC5 /* Debug */,
				05ADEEAF1F66F6B00083EFC5 /* Release */,
			);
			defaultConfigurationIsVisible = 0;
			defaultConfigurationName = Release;
		};
/* End XCConfigurationList section */
	};
	rootObject = 05ADEE911F66F6B00083EFC5 /* Project object */;
}
